
Microsoft Visual Studio Solution File, Format Version 12.00
# Visual Studio Version 17
VisualStudioVersion = 17.9.34728.123
MinimumVisualStudioVersion = 10.0.40219.1
Project("{FAE04EC0-301F-11D3-BF4B-00C04F79EFBC}") = "BLOCOS", "BLOCOS\BLOCOS.csproj", "{FCED297E-A0DC-4661-948B-35E65F068938}"
EndProject
Global
	GlobalSection(SolutionConfigurationPlatforms) = preSolution
		Debug|Any CPU = Debug|Any CPU
		Release|Any CPU = Release|Any CPU
	EndGlobalSection
	GlobalSection(ProjectConfigurationPlatforms) = postSolution
		{FCED297E-A0DC-4661-948B-35E65F068938}.Debug|Any CPU.ActiveCfg = Debug|Any CPU
		{FCED297E-A0DC-4661-948B-35E65F068938}.Debug|Any CPU.Build.0 = Debug|Any CPU
		{FCED297E-A0DC-4661-948B-35E65F068938}.Release|Any CPU.ActiveCfg = Release|Any CPU
		{FCED297E-A0DC-4661-948B-35E65F068938}.Release|Any CPU.Build.0 = Release|Any CPU
	EndGlobalSection
	GlobalSection(SolutionProperties) = preSolution
		HideSolutionNode = FALSE
	EndGlobalSection
	GlobalSection(ExtensibilityGlobals) = postSolution
		SolutionGuid = {945BFC49-D32C-4A6B-AC1D-D671B864C630}
	EndGlobalSection
EndGlobal
